
Microsoft Visual Studio Solution File, Format Version 12.00
# Visual Studio Version 17
VisualStudioVersion = 17.8.34525.116
MinimumVisualStudioVersion = 10.0.40219.1
Project("{FAE04EC0-301F-11D3-BF4B-00C04F79EFBC}") = "OB", "OB\OB.csproj", "{409B63B7-E897-4DD9-9849-39D6B93A1275}"
EndProject
Global
	GlobalSection(SolutionConfigurationPlatforms) = preSolution
		Debug|Any CPU = Debug|Any CPU
		Release|Any CPU = Release|Any CPU
	EndGlobalSection
	GlobalSection(ProjectConfigurationPlatforms) = postSolution
		{409B63B7-E897-4DD9-9849-39D6B93A1275}.Debug|Any CPU.ActiveCfg = Debug|Any CPU
		{409B63B7-E897-4DD9-9849-39D6B93A1275}.Debug|Any CPU.Build.0 = Debug|Any CPU
		{409B63B7-E897-4DD9-9849-39D6B93A1275}.Release|Any CPU.ActiveCfg = Release|Any CPU
		{409B63B7-E897-4DD9-9849-39D6B93A1275}.Release|Any CPU.Build.0 = Release|Any CPU
	EndGlobalSection
	GlobalSection(SolutionProperties) = preSolution
		HideSolutionNode = FALSE
	EndGlobalSection
	GlobalSection(ExtensibilityGlobals) = postSolution
		SolutionGuid = {C9980A6B-B250-430C-B7A3-FDA5DD5B7F71}
	EndGlobalSection
EndGlobal
